
Microsoft Visual Studio Solution File, Format Version 12.00
# Visual Studio Version 17
VisualStudioVersion = 17.3.32901.215
MinimumVisualStudioVersion = 10.0.40219.1
Project("{FAE04EC0-301F-11D3-BF4B-00C04F79EFBC}") = "ConsoleApp3", "ConsoleApp3.csproj", "{294EAD95-F8C4-4E58-9589-B3BCA871576D}"
EndProject
Global
	GlobalSection(SolutionConfigurationPlatforms) = preSolution
		Debug|Any CPU = Debug|Any CPU
		Release|Any CPU = Release|Any CPU
	EndGlobalSection
	GlobalSection(ProjectConfigurationPlatforms) = postSolution
		{294EAD95-F8C4-4E58-9589-B3BCA871576D}.Debug|Any CPU.ActiveCfg = Debug|Any CPU
		{294EAD95-F8C4-4E58-9589-B3BCA871576D}.Debug|Any CPU.Build.0 = Debug|Any CPU
		{294EAD95-F8C4-4E58-9589-B3BCA871576D}.Release|Any CPU.ActiveCfg = Release|Any CPU
		{294EAD95-F8C4-4E58-9589-B3BCA871576D}.Release|Any CPU.Build.0 = Release|Any CPU
	EndGlobalSection
	GlobalSection(SolutionProperties) = preSolution
		HideSolutionNode = FALSE
	EndGlobalSection
	GlobalSection(ExtensibilityGlobals) = postSolution
		SolutionGuid = {ADF44170-9FE6-44A9-9093-BB3D2CC3684B}
	EndGlobalSection
EndGlobal
