
Microsoft Visual Studio Solution File, Format Version 12.00
# Visual Studio Version 17
VisualStudioVersion = 17.3.32901.215
MinimumVisualStudioVersion = 10.0.40219.1
Project("{FAE04EC0-301F-11D3-BF4B-00C04F79EFBC}") = "Lab1.3", "Lab1.3\Lab1.3.csproj", "{BA2984F0-AD55-4090-9504-07912568E3DC}"
EndProject
Global
	GlobalSection(SolutionConfigurationPlatforms) = preSolution
		Debug|Any CPU = Debug|Any CPU
		Release|Any CPU = Release|Any CPU
	EndGlobalSection
	GlobalSection(ProjectConfigurationPlatforms) = postSolution
		{BA2984F0-AD55-4090-9504-07912568E3DC}.Debug|Any CPU.ActiveCfg = Debug|Any CPU
		{BA2984F0-AD55-4090-9504-07912568E3DC}.Debug|Any CPU.Build.0 = Debug|Any CPU
		{BA2984F0-AD55-4090-9504-07912568E3DC}.Release|Any CPU.ActiveCfg = Release|Any CPU
		{BA2984F0-AD55-4090-9504-07912568E3DC}.Release|Any CPU.Build.0 = Release|Any CPU
	EndGlobalSection
	GlobalSection(SolutionProperties) = preSolution
		HideSolutionNode = FALSE
	EndGlobalSection
	GlobalSection(ExtensibilityGlobals) = postSolution
		SolutionGuid = {C2B3BB87-CC81-4C59-9407-3A1F5468DB24}
	EndGlobalSection
EndGlobal
